
Microsoft Visual Studio Solution File, Format Version 12.00
# Visual Studio Version 17
VisualStudioVersion = 17.13.35825.156
MinimumVisualStudioVersion = 10.0.40219.1
Project("{2150E333-8FDC-42A3-9474-1A3956D46DE8}") = "src", "src", "{02EA681E-C7D8-13C7-8484-4AC65E1B71E8}"
EndProject
Project("{2150E333-8FDC-42A3-9474-1A3956D46DE8}") = "tests", "tests", "{941897F1-D51E-4FC3-96C5-790E3AB4D5E1}"
EndProject
Project("{FAE04EC0-301F-11D3-BF4B-00C04F79EFBC}") = "EPOCH.Domain", "EPOCH.Domain\EPOCH.Domain.csproj", "{F229CADD-5BB2-4C50-8134-35F246C80BA7}"
EndProject
Project("{FAE04EC0-301F-11D3-BF4B-00C04F79EFBC}") = "EPOCH.Domain.Tests", "EPOCH.Domain.Tests\EPOCH.Domain.Tests.csproj", "{E75D76C0-AA3C-483D-9B27-EEA24319A516}"
EndProject
Project("{FAE04EC0-301F-11D3-BF4B-00C04F79EFBC}") = "EPOCH.Application", "EPOCH.Application\EPOCH.Application.csproj", "{42F429B0-A7FA-4D4C-8004-1B432CF64448}"
EndProject
Project("{FAE04EC0-301F-11D3-BF4B-00C04F79EFBC}") = "EPOCH.Application.Tests", "EPOCH.Application.Tests\EPOCH.Application.Tests.csproj", "{E63E9A0B-01CF-4592-83A7-A3832C31CD2B}"
EndProject
Global
	GlobalSection(SolutionConfigurationPlatforms) = preSolution
		Debug|Any CPU = Debug|Any CPU
		Release|Any CPU = Release|Any CPU
	EndGlobalSection
	GlobalSection(ProjectConfigurationPlatforms) = postSolution
		{F229CADD-5BB2-4C50-8134-35F246C80BA7}.Debug|Any CPU.ActiveCfg = Debug|Any CPU
		{F229CADD-5BB2-4C50-8134-35F246C80BA7}.Debug|Any CPU.Build.0 = Debug|Any CPU
		{F229CADD-5BB2-4C50-8134-35F246C80BA7}.Release|Any CPU.ActiveCfg = Release|Any CPU
		{F229CADD-5BB2-4C50-8134-35F246C80BA7}.Release|Any CPU.Build.0 = Release|Any CPU
		{E75D76C0-AA3C-483D-9B27-EEA24319A516}.Debug|Any CPU.ActiveCfg = Debug|Any CPU
		{E75D76C0-AA3C-483D-9B27-EEA24319A516}.Debug|Any CPU.Build.0 = Debug|Any CPU
		{E75D76C0-AA3C-483D-9B27-EEA24319A516}.Release|Any CPU.ActiveCfg = Release|Any CPU
		{E75D76C0-AA3C-483D-9B27-EEA24319A516}.Release|Any CPU.Build.0 = Release|Any CPU
		{42F429B0-A7FA-4D4C-8004-1B432CF64448}.Debug|Any CPU.ActiveCfg = Debug|Any CPU
		{42F429B0-A7FA-4D4C-8004-1B432CF64448}.Debug|Any CPU.Build.0 = Debug|Any CPU
		{42F429B0-A7FA-4D4C-8004-1B432CF64448}.Release|Any CPU.ActiveCfg = Release|Any CPU
		{42F429B0-A7FA-4D4C-8004-1B432CF64448}.Release|Any CPU.Build.0 = Release|Any CPU
		{E63E9A0B-01CF-4592-83A7-A3832C31CD2B}.Debug|Any CPU.ActiveCfg = Debug|Any CPU
		{E63E9A0B-01CF-4592-83A7-A3832C31CD2B}.Debug|Any CPU.Build.0 = Debug|Any CPU
		{E63E9A0B-01CF-4592-83A7-A3832C31CD2B}.Release|Any CPU.ActiveCfg = Release|Any CPU
		{E63E9A0B-01CF-4592-83A7-A3832C31CD2B}.Release|Any CPU.Build.0 = Release|Any CPU
	EndGlobalSection
	GlobalSection(SolutionProperties) = preSolution
		HideSolutionNode = FALSE
	EndGlobalSection
	GlobalSection(NestedProjects) = preSolution
		{F229CADD-5BB2-4C50-8134-35F246C80BA7} = {02EA681E-C7D8-13C7-8484-4AC65E1B71E8}
		{E75D76C0-AA3C-483D-9B27-EEA24319A516} = {941897F1-D51E-4FC3-96C5-790E3AB4D5E1}
		{42F429B0-A7FA-4D4C-8004-1B432CF64448} = {02EA681E-C7D8-13C7-8484-4AC65E1B71E8}
		{E63E9A0B-01CF-4592-83A7-A3832C31CD2B} = {941897F1-D51E-4FC3-96C5-790E3AB4D5E1}
	EndGlobalSection
	GlobalSection(ExtensibilityGlobals) = postSolution
		SolutionGuid = {A7E4B323-ED68-4BE6-AF9F-5FA3563BCE1B}
	EndGlobalSection
EndGlobal
